
Microsoft Visual Studio Solution File, Format Version 12.00
# Visual Studio 15
VisualStudioVersion = 15.0.28010.2019
MinimumVisualStudioVersion = 10.0.40219.1
Project("{FAE04EC0-301F-11D3-BF4B-00C04F79EFBC}") = "RazorPagesMovies", "RazorPagesMovies\RazorPagesMovies.csproj", "{427F24D9-34F9-439D-846C-20C97AF19DD1}"
EndProject
Global
	GlobalSection(SolutionConfigurationPlatforms) = preSolution
		Debug|Any CPU = Debug|Any CPU
		Release|Any CPU = Release|Any CPU
	EndGlobalSection
	GlobalSection(ProjectConfigurationPlatforms) = postSolution
		{427F24D9-34F9-439D-846C-20C97AF19DD1}.Debug|Any CPU.ActiveCfg = Debug|Any CPU
		{427F24D9-34F9-439D-846C-20C97AF19DD1}.Debug|Any CPU.Build.0 = Debug|Any CPU
		{427F24D9-34F9-439D-846C-20C97AF19DD1}.Release|Any CPU.ActiveCfg = Release|Any CPU
		{427F24D9-34F9-439D-846C-20C97AF19DD1}.Release|Any CPU.Build.0 = Release|Any CPU
	EndGlobalSection
	GlobalSection(SolutionProperties) = preSolution
		HideSolutionNode = FALSE
	EndGlobalSection
	GlobalSection(ExtensibilityGlobals) = postSolution
		SolutionGuid = {C79B9865-1D86-4AE2-A837-7E95E3DD7444}
	EndGlobalSection
EndGlobal
